
Microsoft Visual Studio Solution File, Format Version 12.00
Project("{FAE04EC0-301F-11D3-BF4B-00C04F79EFBC}") = "IncomeTaxCalculator", "src\IncomeTaxCalculator\IncomeTaxCalculator.csproj", "{28AF3971-A925-4E05-A104-82459E88C3BD}"
EndProject
Project("{FAE04EC0-301F-11D3-BF4B-00C04F79EFBC}") = "IncomeTaxCalculatorTest", "src\IncomeTaxCalculatorTest\IncomeTaxCalculatorTest.csproj", "{93014C4E-2C05-4425-8295-8DD76AE20429}"
EndProject
Global
	GlobalSection(SolutionConfigurationPlatforms) = preSolution
		Debug|Any CPU = Debug|Any CPU
		Release|Any CPU = Release|Any CPU
	EndGlobalSection
	GlobalSection(ProjectConfigurationPlatforms) = postSolution
		{28AF3971-A925-4E05-A104-82459E88C3BD}.Debug|Any CPU.ActiveCfg = Debug|Any CPU
		{28AF3971-A925-4E05-A104-82459E88C3BD}.Debug|Any CPU.Build.0 = Debug|Any CPU
		{28AF3971-A925-4E05-A104-82459E88C3BD}.Release|Any CPU.ActiveCfg = Release|Any CPU
		{28AF3971-A925-4E05-A104-82459E88C3BD}.Release|Any CPU.Build.0 = Release|Any CPU
		{93014C4E-2C05-4425-8295-8DD76AE20429}.Debug|Any CPU.ActiveCfg = Debug|Any CPU
		{93014C4E-2C05-4425-8295-8DD76AE20429}.Debug|Any CPU.Build.0 = Debug|Any CPU
		{93014C4E-2C05-4425-8295-8DD76AE20429}.Release|Any CPU.ActiveCfg = Release|Any CPU
		{93014C4E-2C05-4425-8295-8DD76AE20429}.Release|Any CPU.Build.0 = Release|Any CPU
	EndGlobalSection
EndGlobal
